
Microsoft Visual Studio Solution File, Format Version 12.00
# Visual Studio Version 17
VisualStudioVersion = 17.7.34202.233
MinimumVisualStudioVersion = 10.0.40219.1
Project("{FAE04EC0-301F-11D3-BF4B-00C04F79EFBC}") = "Phase1Section4.7c Doubly Linked Lists", "Phase1Section4.7c Doubly Linked Lists\Phase1Section4.7c Doubly Linked Lists.csproj", "{156578D6-9CF3-4A46-9B06-CD0B2B2C316C}"
EndProject
Global
	GlobalSection(SolutionConfigurationPlatforms) = preSolution
		Debug|Any CPU = Debug|Any CPU
		Release|Any CPU = Release|Any CPU
	EndGlobalSection
	GlobalSection(ProjectConfigurationPlatforms) = postSolution
		{156578D6-9CF3-4A46-9B06-CD0B2B2C316C}.Debug|Any CPU.ActiveCfg = Debug|Any CPU
		{156578D6-9CF3-4A46-9B06-CD0B2B2C316C}.Debug|Any CPU.Build.0 = Debug|Any CPU
		{156578D6-9CF3-4A46-9B06-CD0B2B2C316C}.Release|Any CPU.ActiveCfg = Release|Any CPU
		{156578D6-9CF3-4A46-9B06-CD0B2B2C316C}.Release|Any CPU.Build.0 = Release|Any CPU
	EndGlobalSection
	GlobalSection(SolutionProperties) = preSolution
		HideSolutionNode = FALSE
	EndGlobalSection
	GlobalSection(ExtensibilityGlobals) = postSolution
		SolutionGuid = {CAEC3611-DA19-43EE-9815-35D51A3F956C}
	EndGlobalSection
EndGlobal
